
Microsoft Visual Studio Solution File, Format Version 12.00
# Visual Studio 15
VisualStudioVersion = 15.0.27004.2009
MinimumVisualStudioVersion = 10.0.40219.1
Project("{FAE04EC0-301F-11D3-BF4B-00C04F79EFBC}") = "NantCom.TransmissionFail", "NantCom.TransmissionFail\NantCom.TransmissionFail.csproj", "{77A16661-EDCC-4B88-97CD-31689F240EA9}"
EndProject
Project("{FAE04EC0-301F-11D3-BF4B-00C04F79EFBC}") = "NantCom.TransmissionFail.Test", "NantCom.TransmissionFail.Test\NantCom.TransmissionFail.Test.csproj", "{16B605BE-F86C-48C1-8A64-B461C1AC56D6}"
EndProject
Global
	GlobalSection(SolutionConfigurationPlatforms) = preSolution
		Debug|Any CPU = Debug|Any CPU
		Release|Any CPU = Release|Any CPU
	EndGlobalSection
	GlobalSection(ProjectConfigurationPlatforms) = postSolution
		{77A16661-EDCC-4B88-97CD-31689F240EA9}.Debug|Any CPU.ActiveCfg = Debug|Any CPU
		{77A16661-EDCC-4B88-97CD-31689F240EA9}.Debug|Any CPU.Build.0 = Debug|Any CPU
		{77A16661-EDCC-4B88-97CD-31689F240EA9}.Release|Any CPU.ActiveCfg = Release|Any CPU
		{77A16661-EDCC-4B88-97CD-31689F240EA9}.Release|Any CPU.Build.0 = Release|Any CPU
		{16B605BE-F86C-48C1-8A64-B461C1AC56D6}.Debug|Any CPU.ActiveCfg = Debug|Any CPU
		{16B605BE-F86C-48C1-8A64-B461C1AC56D6}.Debug|Any CPU.Build.0 = Debug|Any CPU
		{16B605BE-F86C-48C1-8A64-B461C1AC56D6}.Release|Any CPU.ActiveCfg = Release|Any CPU
		{16B605BE-F86C-48C1-8A64-B461C1AC56D6}.Release|Any CPU.Build.0 = Release|Any CPU
	EndGlobalSection
	GlobalSection(SolutionProperties) = preSolution
		HideSolutionNode = FALSE
	EndGlobalSection
	GlobalSection(ExtensibilityGlobals) = postSolution
		SolutionGuid = {A83028DA-74AA-4E63-8C7B-0EEE95FE3986}
	EndGlobalSection
EndGlobal
